
Microsoft Visual Studio Solution File, Format Version 12.00
# Visual Studio Version 17
VisualStudioVersion = 17.4.33103.184
MinimumVisualStudioVersion = 10.0.40219.1
Project("{FAE04EC0-301F-11D3-BF4B-00C04F79EFBC}") = "Server", "Server\Server.csproj", "{05248B76-AFA6-4D9B-8622-DE233C3C8CA5}"
EndProject
Project("{FAE04EC0-301F-11D3-BF4B-00C04F79EFBC}") = "Client", "Client\Client.csproj", "{B87065C3-5F25-4BAE-8819-955FB8F9C595}"
EndProject
Global
	GlobalSection(SolutionConfigurationPlatforms) = preSolution
		Debug|Any CPU = Debug|Any CPU
		Release|Any CPU = Release|Any CPU
	EndGlobalSection
	GlobalSection(ProjectConfigurationPlatforms) = postSolution
		{05248B76-AFA6-4D9B-8622-DE233C3C8CA5}.Debug|Any CPU.ActiveCfg = Debug|Any CPU
		{05248B76-AFA6-4D9B-8622-DE233C3C8CA5}.Debug|Any CPU.Build.0 = Debug|Any CPU
		{05248B76-AFA6-4D9B-8622-DE233C3C8CA5}.Release|Any CPU.ActiveCfg = Release|Any CPU
		{05248B76-AFA6-4D9B-8622-DE233C3C8CA5}.Release|Any CPU.Build.0 = Release|Any CPU
		{B87065C3-5F25-4BAE-8819-955FB8F9C595}.Debug|Any CPU.ActiveCfg = Debug|Any CPU
		{B87065C3-5F25-4BAE-8819-955FB8F9C595}.Debug|Any CPU.Build.0 = Debug|Any CPU
		{B87065C3-5F25-4BAE-8819-955FB8F9C595}.Release|Any CPU.ActiveCfg = Release|Any CPU
		{B87065C3-5F25-4BAE-8819-955FB8F9C595}.Release|Any CPU.Build.0 = Release|Any CPU
	EndGlobalSection
	GlobalSection(SolutionProperties) = preSolution
		HideSolutionNode = FALSE
	EndGlobalSection
	GlobalSection(ExtensibilityGlobals) = postSolution
		SolutionGuid = {70994F17-546E-43B0-BC0E-4858555BE4E0}
	EndGlobalSection
EndGlobal
